
Microsoft Visual Studio Solution File, Format Version 12.00
# Visual Studio Version 17
VisualStudioVersion = 17.0.31903.59
MinimumVisualStudioVersion = 10.0.40219.1
Project("{FAE04EC0-301F-11D3-BF4B-00C04F79EFBC}") = "RazorPagesLearn", "src\RazorPagesLearn\RazorPagesLearn.csproj", "{4DCDD73B-9CB5-47AC-A016-4AA29524877E}"
EndProject
Global
	GlobalSection(SolutionConfigurationPlatforms) = preSolution
		Debug|Any CPU = Debug|Any CPU
		Release|Any CPU = Release|Any CPU
	EndGlobalSection
	GlobalSection(ProjectConfigurationPlatforms) = postSolution
		{4DCDD73B-9CB5-47AC-A016-4AA29524877E}.Debug|Any CPU.ActiveCfg = Debug|Any CPU
		{4DCDD73B-9CB5-47AC-A016-4AA29524877E}.Debug|Any CPU.Build.0 = Debug|Any CPU
		{4DCDD73B-9CB5-47AC-A016-4AA29524877E}.Release|Any CPU.ActiveCfg = Release|Any CPU
		{4DCDD73B-9CB5-47AC-A016-4AA29524877E}.Release|Any CPU.Build.0 = Release|Any CPU
	EndGlobalSection
	GlobalSection(SolutionProperties) = preSolution
		HideSolutionNode = FALSE
	EndGlobalSection
EndGlobal
